
Microsoft Visual Studio Solution File, Format Version 12.00
# Visual Studio Version 17
VisualStudioVersion = 17.3.32819.101
MinimumVisualStudioVersion = 10.0.40219.1
Project("{9092AA53-FB77-4645-B42D-1CCCA6BD08BD}") = "nodejs-backend", "nodejs-backend\nodejs-backend.njsproj", "{0A8EADE9-7744-43BD-8968-BEFCC4BB5C91}"
EndProject
Global
	GlobalSection(SolutionConfigurationPlatforms) = preSolution
		Debug|Any CPU = Debug|Any CPU
		Release|Any CPU = Release|Any CPU
	EndGlobalSection
	GlobalSection(ProjectConfigurationPlatforms) = postSolution
		{0A8EADE9-7744-43BD-8968-BEFCC4BB5C91}.Debug|Any CPU.ActiveCfg = Debug|Any CPU
		{0A8EADE9-7744-43BD-8968-BEFCC4BB5C91}.Debug|Any CPU.Build.0 = Debug|Any CPU
		{0A8EADE9-7744-43BD-8968-BEFCC4BB5C91}.Release|Any CPU.ActiveCfg = Release|Any CPU
		{0A8EADE9-7744-43BD-8968-BEFCC4BB5C91}.Release|Any CPU.Build.0 = Release|Any CPU
	EndGlobalSection
	GlobalSection(SolutionProperties) = preSolution
		HideSolutionNode = FALSE
	EndGlobalSection
	GlobalSection(ExtensibilityGlobals) = postSolution
		SolutionGuid = {0C87083E-3CA1-4ED6-A9BC-DAE1F005501B}
	EndGlobalSection
EndGlobal
